
Microsoft Visual Studio Solution File, Format Version 12.00
# Visual Studio 15
VisualStudioVersion = 15.0.27130.2010
MinimumVisualStudioVersion = 10.0.40219.1
Project("{FAE04EC0-301F-11D3-BF4B-00C04F79EFBC}") = "EncomendasUI", "EncomendasUI\EncomendasUI.csproj", "{1FA98505-50E4-4517-A684-424CA954C80B}"
EndProject
Global
	GlobalSection(SolutionConfigurationPlatforms) = preSolution
		Debug|Any CPU = Debug|Any CPU
		Release|Any CPU = Release|Any CPU
	EndGlobalSection
	GlobalSection(ProjectConfigurationPlatforms) = postSolution
		{1FA98505-50E4-4517-A684-424CA954C80B}.Debug|Any CPU.ActiveCfg = Debug|Any CPU
		{1FA98505-50E4-4517-A684-424CA954C80B}.Debug|Any CPU.Build.0 = Debug|Any CPU
		{1FA98505-50E4-4517-A684-424CA954C80B}.Release|Any CPU.ActiveCfg = Release|Any CPU
		{1FA98505-50E4-4517-A684-424CA954C80B}.Release|Any CPU.Build.0 = Release|Any CPU
	EndGlobalSection
	GlobalSection(SolutionProperties) = preSolution
		HideSolutionNode = FALSE
	EndGlobalSection
	GlobalSection(ExtensibilityGlobals) = postSolution
		SolutionGuid = {5D5D0056-6273-4EFE-8FF1-B73C7C41852C}
	EndGlobalSection
EndGlobal
